// !$*UTF8*$!
{
	archiveVersion = 1;
	classes = {
	};
	objectVersion = 55;
	objects = {

/* Begin PBXBuildFile section */
		8201465527CE3CDA00088F06 /* CodableFeedStoreTests.swift in Sources */ = {isa = PBXBuildFile; fileRef = 825A497E27CE2AB400F1B41B /* CodableFeedStoreTests.swift */; };
		822356AA27AD07D70040E7C2 /* EssentialFeed.docc in Sources */ = {isa = PBXBuildFile; fileRef = 822356A927AD07D70040E7C2 /* EssentialFeed.docc */; };
		822356B027AD07D70040E7C2 /* EssentialFeed.framework in Frameworks */ = {isa = PBXBuildFile; fileRef = 822356A527AD07D70040E7C2 /* EssentialFeed.framework */; };
		822356B627AD07D70040E7C2 /* EssentialFeed.h in Headers */ = {isa = PBXBuildFile; fileRef = 822356A827AD07D70040E7C2 /* EssentialFeed.h */; settings = {ATTRIBUTES = (Public, ); }; };
		8233396927B5603D001DD051 /* HttpClient.swift in Sources */ = {isa = PBXBuildFile; fileRef = 8233396827B5603D001DD051 /* HttpClient.swift */; };
		8233396B27B56067001DD051 /* FeedItemsMapper.swift in Sources */ = {isa = PBXBuildFile; fileRef = 8233396A27B56067001DD051 /* FeedItemsMapper.swift */; };
		8233396D27B560A2001DD051 /* URLSessionHttpClient.swift in Sources */ = {isa = PBXBuildFile; fileRef = 8233396C27B560A2001DD051 /* URLSessionHttpClient.swift */; };
		8233398227B569FC001DD051 /* EssentialFeedEndToEndTests.swift in Sources */ = {isa = PBXBuildFile; fileRef = 8233398127B569FC001DD051 /* EssentialFeedEndToEndTests.swift */; };
		8233398327B569FC001DD051 /* EssentialFeed.framework in Frameworks */ = {isa = PBXBuildFile; fileRef = 822356A527AD07D70040E7C2 /* EssentialFeed.framework */; };
		8233398927B56AC5001DD051 /* XCTestCase+MemoryLeakTracking.swift in Sources */ = {isa = PBXBuildFile; fileRef = 82651A4927B2D78300867F55 /* XCTestCase+MemoryLeakTracking.swift */; };
		825A495527CDFD3900F1B41B /* FeedImage.swift in Sources */ = {isa = PBXBuildFile; fileRef = 825A495427CDFD3900F1B41B /* FeedImage.swift */; };
		825A495727CDFD5500F1B41B /* FeedLoader.swift in Sources */ = {isa = PBXBuildFile; fileRef = 825A495627CDFD5500F1B41B /* FeedLoader.swift */; };
		825A495927CDFDB000F1B41B /* RemoteFeedItem.swift in Sources */ = {isa = PBXBuildFile; fileRef = 825A495827CDFDB000F1B41B /* RemoteFeedItem.swift */; };
		825A495C27CE113900F1B41B /* SharedTestHelpers.swift in Sources */ = {isa = PBXBuildFile; fileRef = 825A495B27CE113900F1B41B /* SharedTestHelpers.swift */; };
		825A495F27CE13B500F1B41B /* LocalFeedLoader.swift in Sources */ = {isa = PBXBuildFile; fileRef = 825A495E27CE13B500F1B41B /* LocalFeedLoader.swift */; };
		825A496127CE13D800F1B41B /* FeedStore.swift in Sources */ = {isa = PBXBuildFile; fileRef = 825A496027CE13D800F1B41B /* FeedStore.swift */; };
		825A496327CE13EA00F1B41B /* LocalFeedImage.swift in Sources */ = {isa = PBXBuildFile; fileRef = 825A496227CE13EA00F1B41B /* LocalFeedImage.swift */; };
		825A496527CE13FC00F1B41B /* FeedCachePolicy.swift in Sources */ = {isa = PBXBuildFile; fileRef = 825A496427CE13FC00F1B41B /* FeedCachePolicy.swift */; };
		825A496727CE144400F1B41B /* LoadFeedFromCacheUseCaseTests.swift in Sources */ = {isa = PBXBuildFile; fileRef = 825A496627CE144400F1B41B /* LoadFeedFromCacheUseCaseTests.swift */; };
		825A496A27CE15D200F1B41B /* FeedStoreSpy.swift in Sources */ = {isa = PBXBuildFile; fileRef = 825A496927CE15D200F1B41B /* FeedStoreSpy.swift */; };
		825A496C27CE1ABB00F1B41B /* FeedCacheTestHelpers.swift in Sources */ = {isa = PBXBuildFile; fileRef = 825A496B27CE1ABB00F1B41B /* FeedCacheTestHelpers.swift */; };
		825A496E27CE1EC600F1B41B /* CacheFeedUseCaseTests.swift in Sources */ = {isa = PBXBuildFile; fileRef = 825A496D27CE1EC600F1B41B /* CacheFeedUseCaseTests.swift */; };
		825A497027CE26EC00F1B41B /* ValidateFeedCacheUseCaseTests.swift in Sources */ = {isa = PBXBuildFile; fileRef = 825A496F27CE26EC00F1B41B /* ValidateFeedCacheUseCaseTests.swift */; };
		825A497327CE28B400F1B41B /* FeedStoreSpecs.swift in Sources */ = {isa = PBXBuildFile; fileRef = 825A497227CE28B400F1B41B /* FeedStoreSpecs.swift */; };
		825A497827CE28D000F1B41B /* XCTestCase+FailableInsertFeedStoreSpecs.swift in Sources */ = {isa = PBXBuildFile; fileRef = 825A497427CE28D000F1B41B /* XCTestCase+FailableInsertFeedStoreSpecs.swift */; };
		825A497927CE28D000F1B41B /* XCTestCase+FeedStoreSpecs.swift in Sources */ = {isa = PBXBuildFile; fileRef = 825A497527CE28D000F1B41B /* XCTestCase+FeedStoreSpecs.swift */; };
		825A497A27CE28D000F1B41B /* XCTestCase+FailableDeleteFeedStoreSpecs.swift in Sources */ = {isa = PBXBuildFile; fileRef = 825A497627CE28D000F1B41B /* XCTestCase+FailableDeleteFeedStoreSpecs.swift */; };
		825A497B27CE28D000F1B41B /* XCTestCase+FailableRetrieveFeedStoreSpecs.swift in Sources */ = {isa = PBXBuildFile; fileRef = 825A497727CE28D000F1B41B /* XCTestCase+FailableRetrieveFeedStoreSpecs.swift */; };
		825A497D27CE299B00F1B41B /* CodableFeedStore.swift in Sources */ = {isa = PBXBuildFile; fileRef = 825A497C27CE299B00F1B41B /* CodableFeedStore.swift */; };
		825A498827CE2DA400F1B41B /* CoreDataHelpers.swift in Sources */ = {isa = PBXBuildFile; fileRef = 825A498227CE2DA400F1B41B /* CoreDataHelpers.swift */; };
		825A498927CE2DA400F1B41B /* ManagedFeedImage.swift in Sources */ = {isa = PBXBuildFile; fileRef = 825A498327CE2DA400F1B41B /* ManagedFeedImage.swift */; };
		825A498A27CE2DA400F1B41B /* FeedStore.xcdatamodeld in Sources */ = {isa = PBXBuildFile; fileRef = 825A498427CE2DA400F1B41B /* FeedStore.xcdatamodeld */; };
		825A498B27CE2DA400F1B41B /* ManagedCache.swift in Sources */ = {isa = PBXBuildFile; fileRef = 825A498627CE2DA400F1B41B /* ManagedCache.swift */; };
		825A498C27CE2DA400F1B41B /* CoreDataFeedStore.swift in Sources */ = {isa = PBXBuildFile; fileRef = 825A498727CE2DA400F1B41B /* CoreDataFeedStore.swift */; };
		825A499627CE2F2900F1B41B /* EssentialFeedCacheIntegrationTests.swift in Sources */ = {isa = PBXBuildFile; fileRef = 825A499527CE2F2900F1B41B /* EssentialFeedCacheIntegrationTests.swift */; };
		825A499727CE2F2900F1B41B /* EssentialFeed.framework in Frameworks */ = {isa = PBXBuildFile; fileRef = 822356A527AD07D70040E7C2 /* EssentialFeed.framework */; };
		825A499D27CE358A00F1B41B /* FeedCacheTestHelpers.swift in Sources */ = {isa = PBXBuildFile; fileRef = 825A496B27CE1ABB00F1B41B /* FeedCacheTestHelpers.swift */; };
		825A499E27CE359A00F1B41B /* SharedTestHelpers.swift in Sources */ = {isa = PBXBuildFile; fileRef = 825A495B27CE113900F1B41B /* SharedTestHelpers.swift */; };
		825A499F27CE35A700F1B41B /* XCTestCase+MemoryLeakTracking.swift in Sources */ = {isa = PBXBuildFile; fileRef = 82651A4927B2D78300867F55 /* XCTestCase+MemoryLeakTracking.swift */; };
		82651A4A27B2D78300867F55 /* XCTestCase+MemoryLeakTracking.swift in Sources */ = {isa = PBXBuildFile; fileRef = 82651A4927B2D78300867F55 /* XCTestCase+MemoryLeakTracking.swift */; };
		8290BF4927AD0F6800C2BCEB /* LoadFeedFromRemoteUseCaseTests.swift in Sources */ = {isa = PBXBuildFile; fileRef = 8290BF4827AD0F6800C2BCEB /* LoadFeedFromRemoteUseCaseTests.swift */; };
		82945FA927AD8EC000606C57 /* RemoteFeedLoader.swift in Sources */ = {isa = PBXBuildFile; fileRef = 82945FA827AD8EC000606C57 /* RemoteFeedLoader.swift */; };
		82945FAB27B00F5100606C57 /* URLSessionHTTPClientTests.swift in Sources */ = {isa = PBXBuildFile; fileRef = 82945FAA27B00F5100606C57 /* URLSessionHTTPClientTests.swift */; };
/* End PBXBuildFile section */

/* Begin PBXContainerItemProxy section */
		822356B127AD07D70040E7C2 /* PBXContainerItemProxy */ = {
			isa = PBXContainerItemProxy;
			containerPortal = 8223569C27AD07D70040E7C2 /* Project object */;
			proxyType = 1;
			remoteGlobalIDString = 822356A427AD07D70040E7C2;
			remoteInfo = EssentialFeed;
		};
		8233398427B569FC001DD051 /* PBXContainerItemProxy */ = {
			isa = PBXContainerItemProxy;
			containerPortal = 8223569C27AD07D70040E7C2 /* Project object */;
			proxyType = 1;
			remoteGlobalIDString = 822356A427AD07D70040E7C2;
			remoteInfo = EssentialFeed;
		};
		825A499827CE2F2900F1B41B /* PBXContainerItemProxy */ = {
			isa = PBXContainerItemProxy;
			containerPortal = 8223569C27AD07D70040E7C2 /* Project object */;
			proxyType = 1;
			remoteGlobalIDString = 822356A427AD07D70040E7C2;
			remoteInfo = EssentialFeed;
		};
/* End PBXContainerItemProxy section */

/* Begin PBXFileReference section */
		822356A527AD07D70040E7C2 /* EssentialFeed.framework */ = {isa = PBXFileReference; explicitFileType = wrapper.framework; includeInIndex = 0; path = EssentialFeed.framework; sourceTree = BUILT_PRODUCTS_DIR; };
		822356A827AD07D70040E7C2 /* EssentialFeed.h */ = {isa = PBXFileReference; lastKnownFileType = sourcecode.c.h; path = EssentialFeed.h; sourceTree = "<group>"; };
		822356A927AD07D70040E7C2 /* EssentialFeed.docc */ = {isa = PBXFileReference; lastKnownFileType = folder.documentationcatalog; path = EssentialFeed.docc; sourceTree = "<group>"; };
		822356AF27AD07D70040E7C2 /* EssentialFeedTests.xctest */ = {isa = PBXFileReference; explicitFileType = wrapper.cfbundle; includeInIndex = 0; path = EssentialFeedTests.xctest; sourceTree = BUILT_PRODUCTS_DIR; };
		8233396827B5603D001DD051 /* HttpClient.swift */ = {isa = PBXFileReference; lastKnownFileType = sourcecode.swift; path = HttpClient.swift; sourceTree = "<group>"; };
		8233396A27B56067001DD051 /* FeedItemsMapper.swift */ = {isa = PBXFileReference; lastKnownFileType = sourcecode.swift; path = FeedItemsMapper.swift; sourceTree = "<group>"; };
		8233396C27B560A2001DD051 /* URLSessionHttpClient.swift */ = {isa = PBXFileReference; lastKnownFileType = sourcecode.swift; path = URLSessionHttpClient.swift; sourceTree = "<group>"; };
		8233397F27B569FC001DD051 /* EssentialFeedEndToEndTests.xctest */ = {isa = PBXFileReference; explicitFileType = wrapper.cfbundle; includeInIndex = 0; path = EssentialFeedEndToEndTests.xctest; sourceTree = BUILT_PRODUCTS_DIR; };
		8233398127B569FC001DD051 /* EssentialFeedEndToEndTests.swift */ = {isa = PBXFileReference; lastKnownFileType = sourcecode.swift; path = EssentialFeedEndToEndTests.swift; sourceTree = "<group>"; };
		825A495427CDFD3900F1B41B /* FeedImage.swift */ = {isa = PBXFileReference; lastKnownFileType = sourcecode.swift; path = FeedImage.swift; sourceTree = "<group>"; };
		825A495627CDFD5500F1B41B /* FeedLoader.swift */ = {isa = PBXFileReference; lastKnownFileType = sourcecode.swift; path = FeedLoader.swift; sourceTree = "<group>"; };
		825A495827CDFDB000F1B41B /* RemoteFeedItem.swift */ = {isa = PBXFileReference; lastKnownFileType = sourcecode.swift; path = RemoteFeedItem.swift; sourceTree = "<group>"; };
		825A495B27CE113900F1B41B /* SharedTestHelpers.swift */ = {isa = PBXFileReference; lastKnownFileType = sourcecode.swift; path = SharedTestHelpers.swift; sourceTree = "<group>"; };
		825A495E27CE13B500F1B41B /* LocalFeedLoader.swift */ = {isa = PBXFileReference; lastKnownFileType = sourcecode.swift; path = LocalFeedLoader.swift; sourceTree = "<group>"; };
		825A496027CE13D800F1B41B /* FeedStore.swift */ = {isa = PBXFileReference; lastKnownFileType = sourcecode.swift; path = FeedStore.swift; sourceTree = "<group>"; };
		825A496227CE13EA00F1B41B /* LocalFeedImage.swift */ = {isa = PBXFileReference; lastKnownFileType = sourcecode.swift; path = LocalFeedImage.swift; sourceTree = "<group>"; };
		825A496427CE13FC00F1B41B /* FeedCachePolicy.swift */ = {isa = PBXFileReference; lastKnownFileType = sourcecode.swift; path = FeedCachePolicy.swift; sourceTree = "<group>"; };
		825A496627CE144400F1B41B /* LoadFeedFromCacheUseCaseTests.swift */ = {isa = PBXFileReference; lastKnownFileType = sourcecode.swift; path = LoadFeedFromCacheUseCaseTests.swift; sourceTree = "<group>"; };
		825A496927CE15D200F1B41B /* FeedStoreSpy.swift */ = {isa = PBXFileReference; lastKnownFileType = sourcecode.swift; path = FeedStoreSpy.swift; sourceTree = "<group>"; };
		825A496B27CE1ABB00F1B41B /* FeedCacheTestHelpers.swift */ = {isa = PBXFileReference; lastKnownFileType = sourcecode.swift; path = FeedCacheTestHelpers.swift; sourceTree = "<group>"; };
		825A496D27CE1EC600F1B41B /* CacheFeedUseCaseTests.swift */ = {isa = PBXFileReference; lastKnownFileType = sourcecode.swift; path = CacheFeedUseCaseTests.swift; sourceTree = "<group>"; };
		825A496F27CE26EC00F1B41B /* ValidateFeedCacheUseCaseTests.swift */ = {isa = PBXFileReference; lastKnownFileType = sourcecode.swift; path = ValidateFeedCacheUseCaseTests.swift; sourceTree = "<group>"; };
		825A497227CE28B400F1B41B /* FeedStoreSpecs.swift */ = {isa = PBXFileReference; lastKnownFileType = sourcecode.swift; path = FeedStoreSpecs.swift; sourceTree = "<group>"; };
		825A497427CE28D000F1B41B /* XCTestCase+FailableInsertFeedStoreSpecs.swift */ = {isa = PBXFileReference; fileEncoding = 4; lastKnownFileType = sourcecode.swift; path = "XCTestCase+FailableInsertFeedStoreSpecs.swift"; sourceTree = "<group>"; };
		825A497527CE28D000F1B41B /* XCTestCase+FeedStoreSpecs.swift */ = {isa = PBXFileReference; fileEncoding = 4; lastKnownFileType = sourcecode.swift; path = "XCTestCase+FeedStoreSpecs.swift"; sourceTree = "<group>"; };
		825A497627CE28D000F1B41B /* XCTestCase+FailableDeleteFeedStoreSpecs.swift */ = {isa = PBXFileReference; fileEncoding = 4; lastKnownFileType = sourcecode.swift; path = "XCTestCase+FailableDeleteFeedStoreSpecs.swift"; sourceTree = "<group>"; };
		825A497727CE28D000F1B41B /* XCTestCase+FailableRetrieveFeedStoreSpecs.swift */ = {isa = PBXFileReference; fileEncoding = 4; lastKnownFileType = sourcecode.swift; path = "XCTestCase+FailableRetrieveFeedStoreSpecs.swift"; sourceTree = "<group>"; };
		825A497C27CE299B00F1B41B /* CodableFeedStore.swift */ = {isa = PBXFileReference; lastKnownFileType = sourcecode.swift; path = CodableFeedStore.swift; sourceTree = "<group>"; };
		825A497E27CE2AB400F1B41B /* CodableFeedStoreTests.swift */ = {isa = PBXFileReference; lastKnownFileType = sourcecode.swift; path = CodableFeedStoreTests.swift; sourceTree = "<group>"; };
		825A498227CE2DA400F1B41B /* CoreDataHelpers.swift */ = {isa = PBXFileReference; fileEncoding = 4; lastKnownFileType = sourcecode.swift; path = CoreDataHelpers.swift; sourceTree = "<group>"; };
		825A498327CE2DA400F1B41B /* ManagedFeedImage.swift */ = {isa = PBXFileReference; fileEncoding = 4; lastKnownFileType = sourcecode.swift; path = ManagedFeedImage.swift; sourceTree = "<group>"; };
		825A498527CE2DA400F1B41B /* FeedStore.xcdatamodel */ = {isa = PBXFileReference; lastKnownFileType = wrapper.xcdatamodel; path = FeedStore.xcdatamodel; sourceTree = "<group>"; };
		825A498627CE2DA400F1B41B /* ManagedCache.swift */ = {isa = PBXFileReference; fileEncoding = 4; lastKnownFileType = sourcecode.swift; path = ManagedCache.swift; sourceTree = "<group>"; };
		825A498727CE2DA400F1B41B /* CoreDataFeedStore.swift */ = {isa = PBXFileReference; fileEncoding = 4; lastKnownFileType = sourcecode.swift; path = CoreDataFeedStore.swift; sourceTree = "<group>"; };
		825A498D27CE2DCD00F1B41B /* CoreDataFeedStoreTests.swift */ = {isa = PBXFileReference; fileEncoding = 4; lastKnownFileType = sourcecode.swift; path = CoreDataFeedStoreTests.swift; sourceTree = "<group>"; };
		825A499327CE2F2900F1B41B /* EssentialFeedCacheIntegrationTests.xctest */ = {isa = PBXFileReference; explicitFileType = wrapper.cfbundle; includeInIndex = 0; path = EssentialFeedCacheIntegrationTests.xctest; sourceTree = BUILT_PRODUCTS_DIR; };
		825A499527CE2F2900F1B41B /* EssentialFeedCacheIntegrationTests.swift */ = {isa = PBXFileReference; lastKnownFileType = sourcecode.swift; path = EssentialFeedCacheIntegrationTests.swift; sourceTree = "<group>"; };
		82651A4927B2D78300867F55 /* XCTestCase+MemoryLeakTracking.swift */ = {isa = PBXFileReference; lastKnownFileType = sourcecode.swift; path = "XCTestCase+MemoryLeakTracking.swift"; sourceTree = "<group>"; };
		8290BF4827AD0F6800C2BCEB /* LoadFeedFromRemoteUseCaseTests.swift */ = {isa = PBXFileReference; lastKnownFileType = sourcecode.swift; path = LoadFeedFromRemoteUseCaseTests.swift; sourceTree = "<group>"; };
		82945FA827AD8EC000606C57 /* RemoteFeedLoader.swift */ = {isa = PBXFileReference; lastKnownFileType = sourcecode.swift; path = RemoteFeedLoader.swift; sourceTree = "<group>"; };
		82945FAA27B00F5100606C57 /* URLSessionHTTPClientTests.swift */ = {isa = PBXFileReference; lastKnownFileType = sourcecode.swift; path = URLSessionHTTPClientTests.swift; sourceTree = "<group>"; };
/* End PBXFileReference section */

/* Begin PBXFrameworksBuildPhase section */
		822356A227AD07D70040E7C2 /* Frameworks */ = {
			isa = PBXFrameworksBuildPhase;
			buildActionMask = 2147483647;
			files = (
			);
			runOnlyForDeploymentPostprocessing = 0;
		};
		822356AC27AD07D70040E7C2 /* Frameworks */ = {
			isa = PBXFrameworksBuildPhase;
			buildActionMask = 2147483647;
			files = (
				822356B027AD07D70040E7C2 /* EssentialFeed.framework in Frameworks */,
			);
			runOnlyForDeploymentPostprocessing = 0;
		};
		8233397C27B569FC001DD051 /* Frameworks */ = {
			isa = PBXFrameworksBuildPhase;
			buildActionMask = 2147483647;
			files = (
				8233398327B569FC001DD051 /* EssentialFeed.framework in Frameworks */,
			);
			runOnlyForDeploymentPostprocessing = 0;
		};
		825A499027CE2F2900F1B41B /* Frameworks */ = {
			isa = PBXFrameworksBuildPhase;
			buildActionMask = 2147483647;
			files = (
				825A499727CE2F2900F1B41B /* EssentialFeed.framework in Frameworks */,
			);
			runOnlyForDeploymentPostprocessing = 0;
		};
/* End PBXFrameworksBuildPhase section */

/* Begin PBXGroup section */
		8223569B27AD07D70040E7C2 = {
			isa = PBXGroup;
			children = (
				822356A727AD07D70040E7C2 /* EssentialFeed */,
				822356B327AD07D70040E7C2 /* EssentialFeedTests */,
				8233398027B569FC001DD051 /* EssentialFeedEndToEndTests */,
				825A499427CE2F2900F1B41B /* EssentialFeedCacheIntegrationTests */,
				822356A627AD07D70040E7C2 /* Products */,
			);
			sourceTree = "<group>";
		};
		822356A627AD07D70040E7C2 /* Products */ = {
			isa = PBXGroup;
			children = (
				822356A527AD07D70040E7C2 /* EssentialFeed.framework */,
				822356AF27AD07D70040E7C2 /* EssentialFeedTests.xctest */,
				8233397F27B569FC001DD051 /* EssentialFeedEndToEndTests.xctest */,
				825A499327CE2F2900F1B41B /* EssentialFeedCacheIntegrationTests.xctest */,
			);
			name = Products;
			sourceTree = "<group>";
		};
		822356A727AD07D70040E7C2 /* EssentialFeed */ = {
			isa = PBXGroup;
			children = (
				825A495327CDFD2500F1B41B /* FeedCache */,
				825A495227CDFD1A00F1B41B /* FeedFeature */,
				82945FA727AD8EA800606C57 /* FeedAPI */,
				822356A827AD07D70040E7C2 /* EssentialFeed.h */,
				822356A927AD07D70040E7C2 /* EssentialFeed.docc */,
			);
			path = EssentialFeed;
			sourceTree = "<group>";
		};
		822356B327AD07D70040E7C2 /* EssentialFeedTests */ = {
			isa = PBXGroup;
			children = (
				825A495D27CE134F00F1B41B /* FeedCache */,
				82651A4827B2D74B00867F55 /* Helpers */,
				825A495A27CE105500F1B41B /* FeedAPI */,
				8290BF4827AD0F6800C2BCEB /* LoadFeedFromRemoteUseCaseTests.swift */,
				82945FAA27B00F5100606C57 /* URLSessionHTTPClientTests.swift */,
			);
			path = EssentialFeedTests;
			sourceTree = "<group>";
		};
		8233398027B569FC001DD051 /* EssentialFeedEndToEndTests */ = {
			isa = PBXGroup;
			children = (
				8233398127B569FC001DD051 /* EssentialFeedEndToEndTests.swift */,
			);
			path = EssentialFeedEndToEndTests;
			sourceTree = "<group>";
		};
		825A495227CDFD1A00F1B41B /* FeedFeature */ = {
			isa = PBXGroup;
			children = (
				825A495427CDFD3900F1B41B /* FeedImage.swift */,
				825A495627CDFD5500F1B41B /* FeedLoader.swift */,
			);
			path = FeedFeature;
			sourceTree = "<group>";
		};
		825A495327CDFD2500F1B41B /* FeedCache */ = {
			isa = PBXGroup;
			children = (
				825A498027CE2DA400F1B41B /* Infrastructure */,
				825A495E27CE13B500F1B41B /* LocalFeedLoader.swift */,
				825A496027CE13D800F1B41B /* FeedStore.swift */,
				825A496227CE13EA00F1B41B /* LocalFeedImage.swift */,
				825A496427CE13FC00F1B41B /* FeedCachePolicy.swift */,
				825A497C27CE299B00F1B41B /* CodableFeedStore.swift */,
			);
			path = FeedCache;
			sourceTree = "<group>";
		};
		825A495A27CE105500F1B41B /* FeedAPI */ = {
			isa = PBXGroup;
			children = (
			);
			path = FeedAPI;
			sourceTree = "<group>";
		};
		825A495D27CE134F00F1B41B /* FeedCache */ = {
			isa = PBXGroup;
			children = (
				825A497127CE28A200F1B41B /* FeedStoreSpecs */,
				825A496827CE15C700F1B41B /* Helpers */,
				825A496627CE144400F1B41B /* LoadFeedFromCacheUseCaseTests.swift */,
				825A496D27CE1EC600F1B41B /* CacheFeedUseCaseTests.swift */,
				825A496F27CE26EC00F1B41B /* ValidateFeedCacheUseCaseTests.swift */,
				825A497E27CE2AB400F1B41B /* CodableFeedStoreTests.swift */,
				825A498D27CE2DCD00F1B41B /* CoreDataFeedStoreTests.swift */,
			);
			path = FeedCache;
			sourceTree = "<group>";
		};
		825A496827CE15C700F1B41B /* Helpers */ = {
			isa = PBXGroup;
			children = (
				825A496927CE15D200F1B41B /* FeedStoreSpy.swift */,
				825A496B27CE1ABB00F1B41B /* FeedCacheTestHelpers.swift */,
			);
			path = Helpers;
			sourceTree = "<group>";
		};
		825A497127CE28A200F1B41B /* FeedStoreSpecs */ = {
			isa = PBXGroup;
			children = (
				825A497227CE28B400F1B41B /* FeedStoreSpecs.swift */,
				825A497627CE28D000F1B41B /* XCTestCase+FailableDeleteFeedStoreSpecs.swift */,
				825A497427CE28D000F1B41B /* XCTestCase+FailableInsertFeedStoreSpecs.swift */,
				825A497727CE28D000F1B41B /* XCTestCase+FailableRetrieveFeedStoreSpecs.swift */,
				825A497527CE28D000F1B41B /* XCTestCase+FeedStoreSpecs.swift */,
			);
			path = FeedStoreSpecs;
			sourceTree = "<group>";
		};
		825A498027CE2DA400F1B41B /* Infrastructure */ = {
			isa = PBXGroup;
			children = (
				825A498127CE2DA400F1B41B /* CoreData */,
			);
			path = Infrastructure;
			sourceTree = "<group>";
		};
		825A498127CE2DA400F1B41B /* CoreData */ = {
			isa = PBXGroup;
			children = (
				825A498227CE2DA400F1B41B /* CoreDataHelpers.swift */,
				825A498327CE2DA400F1B41B /* ManagedFeedImage.swift */,
				825A498427CE2DA400F1B41B /* FeedStore.xcdatamodeld */,
				825A498627CE2DA400F1B41B /* ManagedCache.swift */,
				825A498727CE2DA400F1B41B /* CoreDataFeedStore.swift */,
			);
			path = CoreData;
			sourceTree = "<group>";
		};
		825A499427CE2F2900F1B41B /* EssentialFeedCacheIntegrationTests */ = {
			isa = PBXGroup;
			children = (
				825A499527CE2F2900F1B41B /* EssentialFeedCacheIntegrationTests.swift */,
			);
			path = EssentialFeedCacheIntegrationTests;
			sourceTree = "<group>";
		};
		82651A4827B2D74B00867F55 /* Helpers */ = {
			isa = PBXGroup;
			children = (
				82651A4927B2D78300867F55 /* XCTestCase+MemoryLeakTracking.swift */,
				825A495B27CE113900F1B41B /* SharedTestHelpers.swift */,
			);
			path = Helpers;
			sourceTree = "<group>";
		};
		82945FA727AD8EA800606C57 /* FeedAPI */ = {
			isa = PBXGroup;
			children = (
				82945FA827AD8EC000606C57 /* RemoteFeedLoader.swift */,
				8233396A27B56067001DD051 /* FeedItemsMapper.swift */,
				825A495827CDFDB000F1B41B /* RemoteFeedItem.swift */,
				8233396827B5603D001DD051 /* HttpClient.swift */,
				8233396C27B560A2001DD051 /* URLSessionHttpClient.swift */,
			);
			path = FeedAPI;
			sourceTree = "<group>";
		};
/* End PBXGroup section */

/* Begin PBXHeadersBuildPhase section */
		822356A027AD07D70040E7C2 /* Headers */ = {
			isa = PBXHeadersBuildPhase;
			buildActionMask = 2147483647;
			files = (
				822356B627AD07D70040E7C2 /* EssentialFeed.h in Headers */,
			);
			runOnlyForDeploymentPostprocessing = 0;
		};
/* End PBXHeadersBuildPhase section */

/* Begin PBXNativeTarget section */
		822356A427AD07D70040E7C2 /* EssentialFeed */ = {
			isa = PBXNativeTarget;
			buildConfigurationList = 822356B927AD07D70040E7C2 /* Build configuration list for PBXNativeTarget "EssentialFeed" */;
			buildPhases = (
				822356A027AD07D70040E7C2 /* Headers */,
				822356A127AD07D70040E7C2 /* Sources */,
				822356A227AD07D70040E7C2 /* Frameworks */,
				822356A327AD07D70040E7C2 /* Resources */,
			);
			buildRules = (
			);
			dependencies = (
			);
			name = EssentialFeed;
			productName = EssentialFeed;
			productReference = 822356A527AD07D70040E7C2 /* EssentialFeed.framework */;
			productType = "com.apple.product-type.framework";
		};
		822356AE27AD07D70040E7C2 /* EssentialFeedTests */ = {
			isa = PBXNativeTarget;
			buildConfigurationList = 822356BC27AD07D70040E7C2 /* Build configuration list for PBXNativeTarget "EssentialFeedTests" */;
			buildPhases = (
				822356AB27AD07D70040E7C2 /* Sources */,
				822356AC27AD07D70040E7C2 /* Frameworks */,
				822356AD27AD07D70040E7C2 /* Resources */,
			);
			buildRules = (
			);
			dependencies = (
				822356B227AD07D70040E7C2 /* PBXTargetDependency */,
			);
			name = EssentialFeedTests;
			productName = EssentialFeedTests;
			productReference = 822356AF27AD07D70040E7C2 /* EssentialFeedTests.xctest */;
			productType = "com.apple.product-type.bundle.unit-test";
		};
		8233397E27B569FC001DD051 /* EssentialFeedEndToEndTests */ = {
			isa = PBXNativeTarget;
			buildConfigurationList = 8233398627B569FC001DD051 /* Build configuration list for PBXNativeTarget "EssentialFeedEndToEndTests" */;
			buildPhases = (
				8233397B27B569FC001DD051 /* Sources */,
				8233397C27B569FC001DD051 /* Frameworks */,
				8233397D27B569FC001DD051 /* Resources */,
			);
			buildRules = (
			);
			dependencies = (
				8233398527B569FC001DD051 /* PBXTargetDependency */,
			);
			name = EssentialFeedEndToEndTests;
			productName = EssentialFeedEndToEndTests;
			productReference = 8233397F27B569FC001DD051 /* EssentialFeedEndToEndTests.xctest */;
			productType = "com.apple.product-type.bundle.unit-test";
		};
		825A499227CE2F2900F1B41B /* EssentialFeedCacheIntegrationTests */ = {
			isa = PBXNativeTarget;
			buildConfigurationList = 825A499A27CE2F2900F1B41B /* Build configuration list for PBXNativeTarget "EssentialFeedCacheIntegrationTests" */;
			buildPhases = (
				825A498F27CE2F2900F1B41B /* Sources */,
				825A499027CE2F2900F1B41B /* Frameworks */,
				825A499127CE2F2900F1B41B /* Resources */,
			);
			buildRules = (
			);
			dependencies = (
				825A499927CE2F2900F1B41B /* PBXTargetDependency */,
			);
			name = EssentialFeedCacheIntegrationTests;
			productName = EssentialFeedCacheIntegrationTests;
			productReference = 825A499327CE2F2900F1B41B /* EssentialFeedCacheIntegrationTests.xctest */;
			productType = "com.apple.product-type.bundle.unit-test";
		};
/* End PBXNativeTarget section */

/* Begin PBXProject section */
		8223569C27AD07D70040E7C2 /* Project object */ = {
			isa = PBXProject;
			attributes = {
				BuildIndependentTargetsInParallel = 1;
				LastSwiftUpdateCheck = 1310;
				LastUpgradeCheck = 1310;
				TargetAttributes = {
					822356A427AD07D70040E7C2 = {
						CreatedOnToolsVersion = 13.1;
					};
					822356AE27AD07D70040E7C2 = {
						CreatedOnToolsVersion = 13.1;
					};
					8233397E27B569FC001DD051 = {
						CreatedOnToolsVersion = 13.1;
					};
					825A499227CE2F2900F1B41B = {
						CreatedOnToolsVersion = 13.1;
					};
				};
			};
			buildConfigurationList = 8223569F27AD07D70040E7C2 /* Build configuration list for PBXProject "EssentialFeed" */;
			compatibilityVersion = "Xcode 13.0";
			developmentRegion = en;
			hasScannedForEncodings = 0;
			knownRegions = (
				en,
				Base,
			);
			mainGroup = 8223569B27AD07D70040E7C2;
			productRefGroup = 822356A627AD07D70040E7C2 /* Products */;
			projectDirPath = "";
			projectRoot = "";
			targets = (
				822356A427AD07D70040E7C2 /* EssentialFeed */,
				822356AE27AD07D70040E7C2 /* EssentialFeedTests */,
				8233397E27B569FC001DD051 /* EssentialFeedEndToEndTests */,
				825A499227CE2F2900F1B41B /* EssentialFeedCacheIntegrationTests */,
			);
		};
/* End PBXProject section */

/* Begin PBXResourcesBuildPhase section */
		822356A327AD07D70040E7C2 /* Resources */ = {
			isa = PBXResourcesBuildPhase;
			buildActionMask = 2147483647;
			files = (
			);
			runOnlyForDeploymentPostprocessing = 0;
		};
		822356AD27AD07D70040E7C2 /* Resources */ = {
			isa = PBXResourcesBuildPhase;
			buildActionMask = 2147483647;
			files = (
			);
			runOnlyForDeploymentPostprocessing = 0;
		};
		8233397D27B569FC001DD051 /* Resources */ = {
			isa = PBXResourcesBuildPhase;
			buildActionMask = 2147483647;
			files = (
			);
			runOnlyForDeploymentPostprocessing = 0;
		};
		825A499127CE2F2900F1B41B /* Resources */ = {
			isa = PBXResourcesBuildPhase;
			buildActionMask = 2147483647;
			files = (
			);
			runOnlyForDeploymentPostprocessing = 0;
		};
/* End PBXResourcesBuildPhase section */

/* Begin PBXSourcesBuildPhase section */
		822356A127AD07D70040E7C2 /* Sources */ = {
			isa = PBXSourcesBuildPhase;
			buildActionMask = 2147483647;
			files = (
				825A498927CE2DA400F1B41B /* ManagedFeedImage.swift in Sources */,
				8233396927B5603D001DD051 /* HttpClient.swift in Sources */,
				825A495527CDFD3900F1B41B /* FeedImage.swift in Sources */,
				82945FA927AD8EC000606C57 /* RemoteFeedLoader.swift in Sources */,
				825A495F27CE13B500F1B41B /* LocalFeedLoader.swift in Sources */,
				825A498827CE2DA400F1B41B /* CoreDataHelpers.swift in Sources */,
				825A498C27CE2DA400F1B41B /* CoreDataFeedStore.swift in Sources */,
				825A495727CDFD5500F1B41B /* FeedLoader.swift in Sources */,
				825A496127CE13D800F1B41B /* FeedStore.swift in Sources */,
				8233396D27B560A2001DD051 /* URLSessionHttpClient.swift in Sources */,
				825A498B27CE2DA400F1B41B /* ManagedCache.swift in Sources */,
				825A496327CE13EA00F1B41B /* LocalFeedImage.swift in Sources */,
				825A497D27CE299B00F1B41B /* CodableFeedStore.swift in Sources */,
				825A496527CE13FC00F1B41B /* FeedCachePolicy.swift in Sources */,
				8233396B27B56067001DD051 /* FeedItemsMapper.swift in Sources */,
				825A495927CDFDB000F1B41B /* RemoteFeedItem.swift in Sources */,
				822356AA27AD07D70040E7C2 /* EssentialFeed.docc in Sources */,
				825A498A27CE2DA400F1B41B /* FeedStore.xcdatamodeld in Sources */,
			);
			runOnlyForDeploymentPostprocessing = 0;
		};
		822356AB27AD07D70040E7C2 /* Sources */ = {
			isa = PBXSourcesBuildPhase;
			buildActionMask = 2147483647;
			files = (
				825A495C27CE113900F1B41B /* SharedTestHelpers.swift in Sources */,
				825A497A27CE28D000F1B41B /* XCTestCase+FailableDeleteFeedStoreSpecs.swift in Sources */,
				825A497027CE26EC00F1B41B /* ValidateFeedCacheUseCaseTests.swift in Sources */,
				825A497B27CE28D000F1B41B /* XCTestCase+FailableRetrieveFeedStoreSpecs.swift in Sources */,
				8201465527CE3CDA00088F06 /* CodableFeedStoreTests.swift in Sources */,
				825A497827CE28D000F1B41B /* XCTestCase+FailableInsertFeedStoreSpecs.swift in Sources */,
				825A497327CE28B400F1B41B /* FeedStoreSpecs.swift in Sources */,
				8290BF4927AD0F6800C2BCEB /* LoadFeedFromRemoteUseCaseTests.swift in Sources */,
				825A496E27CE1EC600F1B41B /* CacheFeedUseCaseTests.swift in Sources */,
				825A496C27CE1ABB00F1B41B /* FeedCacheTestHelpers.swift in Sources */,
				825A496A27CE15D200F1B41B /* FeedStoreSpy.swift in Sources */,
				82651A4A27B2D78300867F55 /* XCTestCase+MemoryLeakTracking.swift in Sources */,
				825A496727CE144400F1B41B /* LoadFeedFromCacheUseCaseTests.swift in Sources */,
				82945FAB27B00F5100606C57 /* URLSessionHTTPClientTests.swift in Sources */,
				825A497927CE28D000F1B41B /* XCTestCase+FeedStoreSpecs.swift in Sources */,
			);
			runOnlyForDeploymentPostprocessing = 0;
		};
		8233397B27B569FC001DD051 /* Sources */ = {
			isa = PBXSourcesBuildPhase;
			buildActionMask = 2147483647;
			files = (
				8233398227B569FC001DD051 /* EssentialFeedEndToEndTests.swift in Sources */,
				8233398927B56AC5001DD051 /* XCTestCase+MemoryLeakTracking.swift in Sources */,
			);
			runOnlyForDeploymentPostprocessing = 0;
		};
		825A498F27CE2F2900F1B41B /* Sources */ = {
			isa = PBXSourcesBuildPhase;
			buildActionMask = 2147483647;
			files = (
				825A499D27CE358A00F1B41B /* FeedCacheTestHelpers.swift in Sources */,
				825A499F27CE35A700F1B41B /* XCTestCase+MemoryLeakTracking.swift in Sources */,
				825A499627CE2F2900F1B41B /* EssentialFeedCacheIntegrationTests.swift in Sources */,
				825A499E27CE359A00F1B41B /* SharedTestHelpers.swift in Sources */,
			);
			runOnlyForDeploymentPostprocessing = 0;
		};
/* End PBXSourcesBuildPhase section */

/* Begin PBXTargetDependency section */
		822356B227AD07D70040E7C2 /* PBXTargetDependency */ = {
			isa = PBXTargetDependency;
			target = 822356A427AD07D70040E7C2 /* EssentialFeed */;
			targetProxy = 822356B127AD07D70040E7C2 /* PBXContainerItemProxy */;
		};
		8233398527B569FC001DD051 /* PBXTargetDependency */ = {
			isa = PBXTargetDependency;
			target = 822356A427AD07D70040E7C2 /* EssentialFeed */;
			targetProxy = 8233398427B569FC001DD051 /* PBXContainerItemProxy */;
		};
		825A499927CE2F2900F1B41B /* PBXTargetDependency */ = {
			isa = PBXTargetDependency;
			target = 822356A427AD07D70040E7C2 /* EssentialFeed */;
			targetProxy = 825A499827CE2F2900F1B41B /* PBXContainerItemProxy */;
		};
/* End PBXTargetDependency section */

/* Begin XCBuildConfiguration section */
		822356B727AD07D70040E7C2 /* Debug */ = {
			isa = XCBuildConfiguration;
			buildSettings = {
				ALWAYS_SEARCH_USER_PATHS = NO;
				CLANG_ANALYZER_NONNULL = YES;
				CLANG_ANALYZER_NUMBER_OBJECT_CONVERSION = YES_AGGRESSIVE;
				CLANG_CXX_LANGUAGE_STANDARD = "gnu++17";
				CLANG_CXX_LIBRARY = "libc++";
				CLANG_ENABLE_MODULES = YES;
				CLANG_ENABLE_OBJC_ARC = YES;
				CLANG_ENABLE_OBJC_WEAK = YES;
				CLANG_WARN_BLOCK_CAPTURE_AUTORELEASING = YES;
				CLANG_WARN_BOOL_CONVERSION = YES;
				CLANG_WARN_COMMA = YES;
				CLANG_WARN_CONSTANT_CONVERSION = YES;
				CLANG_WARN_DEPRECATED_OBJC_IMPLEMENTATIONS = YES;
				CLANG_WARN_DIRECT_OBJC_ISA_USAGE = YES_ERROR;
				CLANG_WARN_DOCUMENTATION_COMMENTS = YES;
				CLANG_WARN_EMPTY_BODY = YES;
				CLANG_WARN_ENUM_CONVERSION = YES;
				CLANG_WARN_INFINITE_RECURSION = YES;
				CLANG_WARN_INT_CONVERSION = YES;
				CLANG_WARN_NON_LITERAL_NULL_CONVERSION = YES;
				CLANG_WARN_OBJC_IMPLICIT_RETAIN_SELF = YES;
				CLANG_WARN_OBJC_LITERAL_CONVERSION = YES;
				CLANG_WARN_OBJC_ROOT_CLASS = YES_ERROR;
				CLANG_WARN_QUOTED_INCLUDE_IN_FRAMEWORK_HEADER = YES;
				CLANG_WARN_RANGE_LOOP_ANALYSIS = YES;
				CLANG_WARN_STRICT_PROTOTYPES = YES;
				CLANG_WARN_SUSPICIOUS_MOVE = YES;
				CLANG_WARN_UNGUARDED_AVAILABILITY = YES_AGGRESSIVE;
				CLANG_WARN_UNREACHABLE_CODE = YES;
				CLANG_WARN__DUPLICATE_METHOD_MATCH = YES;
				COPY_PHASE_STRIP = NO;
				CURRENT_PROJECT_VERSION = 1;
				DEBUG_INFORMATION_FORMAT = dwarf;
				ENABLE_STRICT_OBJC_MSGSEND = YES;
				ENABLE_TESTABILITY = YES;
				GCC_C_LANGUAGE_STANDARD = gnu11;
				GCC_DYNAMIC_NO_PIC = NO;
				GCC_NO_COMMON_BLOCKS = YES;
				GCC_OPTIMIZATION_LEVEL = 0;
				GCC_PREPROCESSOR_DEFINITIONS = (
					"DEBUG=1",
					"$(inherited)",
				);
				GCC_WARN_64_TO_32_BIT_CONVERSION = YES;
				GCC_WARN_ABOUT_RETURN_TYPE = YES_ERROR;
				GCC_WARN_UNDECLARED_SELECTOR = YES;
				GCC_WARN_UNINITIALIZED_AUTOS = YES_AGGRESSIVE;
				GCC_WARN_UNUSED_FUNCTION = YES;
				GCC_WARN_UNUSED_VARIABLE = YES;
				MACOSX_DEPLOYMENT_TARGET = 12.0;
				MTL_ENABLE_DEBUG_INFO = INCLUDE_SOURCE;
				MTL_FAST_MATH = YES;
				ONLY_ACTIVE_ARCH = YES;
				SDKROOT = macosx;
				SWIFT_ACTIVE_COMPILATION_CONDITIONS = DEBUG;
				SWIFT_OPTIMIZATION_LEVEL = "-Onone";
				VERSIONING_SYSTEM = "apple-generic";
				VERSION_INFO_PREFIX = "";
			};
			name = Debug;
		};
		822356B827AD07D70040E7C2 /* Release */ = {
			isa = XCBuildConfiguration;
			buildSettings = {
				ALWAYS_SEARCH_USER_PATHS = NO;
				CLANG_ANALYZER_NONNULL = YES;
				CLANG_ANALYZER_NUMBER_OBJECT_CONVERSION = YES_AGGRESSIVE;
				CLANG_CXX_LANGUAGE_STANDARD = "gnu++17";
				CLANG_CXX_LIBRARY = "libc++";
				CLANG_ENABLE_MODULES = YES;
				CLANG_ENABLE_OBJC_ARC = YES;
				CLANG_ENABLE_OBJC_WEAK = YES;
				CLANG_WARN_BLOCK_CAPTURE_AUTORELEASING = YES;
				CLANG_WARN_BOOL_CONVERSION = YES;
				CLANG_WARN_COMMA = YES;
				CLANG_WARN_CONSTANT_CONVERSION = YES;
				CLANG_WARN_DEPRECATED_OBJC_IMPLEMENTATIONS = YES;
				CLANG_WARN_DIRECT_OBJC_ISA_USAGE = YES_ERROR;
				CLANG_WARN_DOCUMENTATION_COMMENTS = YES;
				CLANG_WARN_EMPTY_BODY = YES;
				CLANG_WARN_ENUM_CONVERSION = YES;
				CLANG_WARN_INFINITE_RECURSION = YES;
				CLANG_WARN_INT_CONVERSION = YES;
				CLANG_WARN_NON_LITERAL_NULL_CONVERSION = YES;
				CLANG_WARN_OBJC_IMPLICIT_RETAIN_SELF = YES;
				CLANG_WARN_OBJC_LITERAL_CONVERSION = YES;
				CLANG_WARN_OBJC_ROOT_CLASS = YES_ERROR;
				CLANG_WARN_QUOTED_INCLUDE_IN_FRAMEWORK_HEADER = YES;
				CLANG_WARN_RANGE_LOOP_ANALYSIS = YES;
				CLANG_WARN_STRICT_PROTOTYPES = YES;
				CLANG_WARN_SUSPICIOUS_MOVE = YES;
				CLANG_WARN_UNGUARDED_AVAILABILITY = YES_AGGRESSIVE;
				CLANG_WARN_UNREACHABLE_CODE = YES;
				CLANG_WARN__DUPLICATE_METHOD_MATCH = YES;
				COPY_PHASE_STRIP = NO;
				CURRENT_PROJECT_VERSION = 1;
				DEBUG_INFORMATION_FORMAT = "dwarf-with-dsym";
				ENABLE_NS_ASSERTIONS = NO;
				ENABLE_STRICT_OBJC_MSGSEND = YES;
				GCC_C_LANGUAGE_STANDARD = gnu11;
				GCC_NO_COMMON_BLOCKS = YES;
				GCC_WARN_64_TO_32_BIT_CONVERSION = YES;
				GCC_WARN_ABOUT_RETURN_TYPE = YES_ERROR;
				GCC_WARN_UNDECLARED_SELECTOR = YES;
				GCC_WARN_UNINITIALIZED_AUTOS = YES_AGGRESSIVE;
				GCC_WARN_UNUSED_FUNCTION = YES;
				GCC_WARN_UNUSED_VARIABLE = YES;
				MACOSX_DEPLOYMENT_TARGET = 12.0;
				MTL_ENABLE_DEBUG_INFO = NO;
				MTL_FAST_MATH = YES;
				SDKROOT = macosx;
				SWIFT_COMPILATION_MODE = wholemodule;
				SWIFT_OPTIMIZATION_LEVEL = "-O";
				VERSIONING_SYSTEM = "apple-generic";
				VERSION_INFO_PREFIX = "";
			};
			name = Release;
		};
		822356BA27AD07D70040E7C2 /* Debug */ = {
			isa = XCBuildConfiguration;
			buildSettings = {
				CODE_SIGN_STYLE = Automatic;
				COMBINE_HIDPI_IMAGES = YES;
				CURRENT_PROJECT_VERSION = 1;
				DEFINES_MODULE = YES;
				DYLIB_COMPATIBILITY_VERSION = 1;
				DYLIB_CURRENT_VERSION = 1;
				DYLIB_INSTALL_NAME_BASE = "@rpath";
				GENERATE_INFOPLIST_FILE = YES;
				INFOPLIST_KEY_NSHumanReadableCopyright = "";
				INSTALL_PATH = "$(LOCAL_LIBRARY_DIR)/Frameworks";
				LD_RUNPATH_SEARCH_PATHS = (
					"$(inherited)",
					"@executable_path/../Frameworks",
					"@loader_path/Frameworks",
				);
				MARKETING_VERSION = 1.0;
				PRODUCT_BUNDLE_IDENTIFIER = app.mob.EssentialFeed;
				PRODUCT_NAME = "$(TARGET_NAME:c99extidentifier)";
				SKIP_INSTALL = YES;
				SWIFT_EMIT_LOC_STRINGS = YES;
				SWIFT_VERSION = 5.0;
			};
			name = Debug;
		};
		822356BB27AD07D70040E7C2 /* Release */ = {
			isa = XCBuildConfiguration;
			buildSettings = {
				CODE_SIGN_STYLE = Automatic;
				COMBINE_HIDPI_IMAGES = YES;
				CURRENT_PROJECT_VERSION = 1;
				DEFINES_MODULE = YES;
				DYLIB_COMPATIBILITY_VERSION = 1;
				DYLIB_CURRENT_VERSION = 1;
				DYLIB_INSTALL_NAME_BASE = "@rpath";
				GENERATE_INFOPLIST_FILE = YES;
				INFOPLIST_KEY_NSHumanReadableCopyright = "";
				INSTALL_PATH = "$(LOCAL_LIBRARY_DIR)/Frameworks";
				LD_RUNPATH_SEARCH_PATHS = (
					"$(inherited)",
					"@executable_path/../Frameworks",
					"@loader_path/Frameworks",
				);
				MARKETING_VERSION = 1.0;
				PRODUCT_BUNDLE_IDENTIFIER = app.mob.EssentialFeed;
				PRODUCT_NAME = "$(TARGET_NAME:c99extidentifier)";
				SKIP_INSTALL = YES;
				SWIFT_EMIT_LOC_STRINGS = YES;
				SWIFT_VERSION = 5.0;
			};
			name = Release;
		};
		822356BD27AD07D70040E7C2 /* Debug */ = {
			isa = XCBuildConfiguration;
			buildSettings = {
				ALWAYS_EMBED_SWIFT_STANDARD_LIBRARIES = YES;
				CODE_SIGN_STYLE = Automatic;
				COMBINE_HIDPI_IMAGES = YES;
				CURRENT_PROJECT_VERSION = 1;
				GENERATE_INFOPLIST_FILE = YES;
				LD_RUNPATH_SEARCH_PATHS = (
					"$(inherited)",
					"@executable_path/../Frameworks",
					"@loader_path/../Frameworks",
				);
				MARKETING_VERSION = 1.0;
				PRODUCT_BUNDLE_IDENTIFIER = app.mob.EssentialFeedTests;
				PRODUCT_NAME = "$(TARGET_NAME)";
				SWIFT_EMIT_LOC_STRINGS = NO;
				SWIFT_VERSION = 5.0;
			};
			name = Debug;
		};
		822356BE27AD07D70040E7C2 /* Release */ = {
			isa = XCBuildConfiguration;
			buildSettings = {
				ALWAYS_EMBED_SWIFT_STANDARD_LIBRARIES = YES;
				CODE_SIGN_STYLE = Automatic;
				COMBINE_HIDPI_IMAGES = YES;
				CURRENT_PROJECT_VERSION = 1;
				GENERATE_INFOPLIST_FILE = YES;
				LD_RUNPATH_SEARCH_PATHS = (
					"$(inherited)",
					"@executable_path/../Frameworks",
					"@loader_path/../Frameworks",
				);
				MARKETING_VERSION = 1.0;
				PRODUCT_BUNDLE_IDENTIFIER = app.mob.EssentialFeedTests;
				PRODUCT_NAME = "$(TARGET_NAME)";
				SWIFT_EMIT_LOC_STRINGS = NO;
				SWIFT_VERSION = 5.0;
			};
			name = Release;
		};
		8233398727B569FC001DD051 /* Debug */ = {
			isa = XCBuildConfiguration;
			buildSettings = {
				CODE_SIGN_STYLE = Automatic;
				COMBINE_HIDPI_IMAGES = YES;
				CURRENT_PROJECT_VERSION = 1;
				GENERATE_INFOPLIST_FILE = YES;
				LD_RUNPATH_SEARCH_PATHS = (
					"$(inherited)",
					"@executable_path/../Frameworks",
					"@loader_path/../Frameworks",
				);
				MARKETING_VERSION = 1.0;
				PRODUCT_BUNDLE_IDENTIFIER = app.mob.EssentialFeedEndToEndTests;
				PRODUCT_NAME = "$(TARGET_NAME)";
				SWIFT_EMIT_LOC_STRINGS = NO;
				SWIFT_VERSION = 5.0;
			};
			name = Debug;
		};
		8233398827B569FC001DD051 /* Release */ = {
			isa = XCBuildConfiguration;
			buildSettings = {
				CODE_SIGN_STYLE = Automatic;
				COMBINE_HIDPI_IMAGES = YES;
				CURRENT_PROJECT_VERSION = 1;
				GENERATE_INFOPLIST_FILE = YES;
				LD_RUNPATH_SEARCH_PATHS = (
					"$(inherited)",
					"@executable_path/../Frameworks",
					"@loader_path/../Frameworks",
				);
				MARKETING_VERSION = 1.0;
				PRODUCT_BUNDLE_IDENTIFIER = app.mob.EssentialFeedEndToEndTests;
				PRODUCT_NAME = "$(TARGET_NAME)";
				SWIFT_EMIT_LOC_STRINGS = NO;
				SWIFT_VERSION = 5.0;
			};
			name = Release;
		};
		825A499B27CE2F2900F1B41B /* Debug */ = {
			isa = XCBuildConfiguration;
			buildSettings = {
				CODE_SIGN_STYLE = Automatic;
				COMBINE_HIDPI_IMAGES = YES;
				CURRENT_PROJECT_VERSION = 1;
				GENERATE_INFOPLIST_FILE = YES;
				LD_RUNPATH_SEARCH_PATHS = (
					"$(inherited)",
					"@executable_path/../Frameworks",
					"@loader_path/../Frameworks",
				);
				MARKETING_VERSION = 1.0;
				PRODUCT_BUNDLE_IDENTIFIER = app.mob.EssentialFeedCacheIntegrationTests;
				PRODUCT_NAME = "$(TARGET_NAME)";
				SWIFT_EMIT_LOC_STRINGS = NO;
				SWIFT_VERSION = 5.0;
			};
			name = Debug;
		};
		825A499C27CE2F2900F1B41B /* Release */ = {
			isa = XCBuildConfiguration;
			buildSettings = {
				CODE_SIGN_STYLE = Automatic;
				COMBINE_HIDPI_IMAGES = YES;
				CURRENT_PROJECT_VERSION = 1;
				GENERATE_INFOPLIST_FILE = YES;
				LD_RUNPATH_SEARCH_PATHS = (
					"$(inherited)",
					"@executable_path/../Frameworks",
					"@loader_path/../Frameworks",
				);
				MARKETING_VERSION = 1.0;
				PRODUCT_BUNDLE_IDENTIFIER = app.mob.EssentialFeedCacheIntegrationTests;
				PRODUCT_NAME = "$(TARGET_NAME)";
				SWIFT_EMIT_LOC_STRINGS = NO;
				SWIFT_VERSION = 5.0;
			};
			name = Release;
		};
/* End XCBuildConfiguration section */

/* Begin XCConfigurationList section */
		8223569F27AD07D70040E7C2 /* Build configuration list for PBXProject "EssentialFeed" */ = {
			isa = XCConfigurationList;
			buildConfigurations = (
				822356B727AD07D70040E7C2 /* Debug */,
				822356B827AD07D70040E7C2 /* Release */,
			);
			defaultConfigurationIsVisible = 0;
			defaultConfigurationName = Release;
		};
		822356B927AD07D70040E7C2 /* Build configuration list for PBXNativeTarget "EssentialFeed" */ = {
			isa = XCConfigurationList;
			buildConfigurations = (
				822356BA27AD07D70040E7C2 /* Debug */,
				822356BB27AD07D70040E7C2 /* Release */,
			);
			defaultConfigurationIsVisible = 0;
			defaultConfigurationName = Release;
		};
		822356BC27AD07D70040E7C2 /* Build configuration list for PBXNativeTarget "EssentialFeedTests" */ = {
			isa = XCConfigurationList;
			buildConfigurations = (
				822356BD27AD07D70040E7C2 /* Debug */,
				822356BE27AD07D70040E7C2 /* Release */,
			);
			defaultConfigurationIsVisible = 0;
			defaultConfigurationName = Release;
		};
		8233398627B569FC001DD051 /* Build configuration list for PBXNativeTarget "EssentialFeedEndToEndTests" */ = {
			isa = XCConfigurationList;
			buildConfigurations = (
				8233398727B569FC001DD051 /* Debug */,
				8233398827B569FC001DD051 /* Release */,
			);
			defaultConfigurationIsVisible = 0;
			defaultConfigurationName = Release;
		};
		825A499A27CE2F2900F1B41B /* Build configuration list for PBXNativeTarget "EssentialFeedCacheIntegrationTests" */ = {
			isa = XCConfigurationList;
			buildConfigurations = (
				825A499B27CE2F2900F1B41B /* Debug */,
				825A499C27CE2F2900F1B41B /* Release */,
			);
			defaultConfigurationIsVisible = 0;
			defaultConfigurationName = Release;
		};
/* End XCConfigurationList section */

/* Begin XCVersionGroup section */
		825A498427CE2DA400F1B41B /* FeedStore.xcdatamodeld */ = {
			isa = XCVersionGroup;
			children = (
				825A498527CE2DA400F1B41B /* FeedStore.xcdatamodel */,
			);
			currentVersion = 825A498527CE2DA400F1B41B /* FeedStore.xcdatamodel */;
			path = FeedStore.xcdatamodeld;
			sourceTree = "<group>";
			versionGroupType = wrapper.xcdatamodel;
		};
/* End XCVersionGroup section */
	};
	rootObject = 8223569C27AD07D70040E7C2 /* Project object */;
}
